
Microsoft Visual Studio Solution File, Format Version 12.00
# Visual Studio Version 16
VisualStudioVersion = 16.0.30413.136
MinimumVisualStudioVersion = 10.0.40219.1
Project("{FAE04EC0-301F-11D3-BF4B-00C04F79EFBC}") = "ImageManipulation", "ImageManipulation\ImageManipulation.csproj", "{D9A9D978-46E3-4D7E-BBB0-2A24628346A3}"
EndProject
Global
	GlobalSection(SolutionConfigurationPlatforms) = preSolution
		Debug|Any CPU = Debug|Any CPU
		Release|Any CPU = Release|Any CPU
	EndGlobalSection
	GlobalSection(ProjectConfigurationPlatforms) = postSolution
		{D9A9D978-46E3-4D7E-BBB0-2A24628346A3}.Debug|Any CPU.ActiveCfg = Debug|Any CPU
		{D9A9D978-46E3-4D7E-BBB0-2A24628346A3}.Debug|Any CPU.Build.0 = Debug|Any CPU
		{D9A9D978-46E3-4D7E-BBB0-2A24628346A3}.Release|Any CPU.ActiveCfg = Release|Any CPU
		{D9A9D978-46E3-4D7E-BBB0-2A24628346A3}.Release|Any CPU.Build.0 = Release|Any CPU
	EndGlobalSection
	GlobalSection(SolutionProperties) = preSolution
		HideSolutionNode = FALSE
	EndGlobalSection
	GlobalSection(ExtensibilityGlobals) = postSolution
		SolutionGuid = {AE4D8B65-229E-4F3D-94A1-B25FC4DA2BE7}
	EndGlobalSection
EndGlobal
